
Microsoft Visual Studio Solution File, Format Version 12.00
# Visual Studio Version 16
VisualStudioVersion = 16.0.30804.86
MinimumVisualStudioVersion = 10.0.40219.1
Project("{FAE04EC0-301F-11D3-BF4B-00C04F79EFBC}") = "BoardGameCompanyMVC", "BoardGameCompanyMVC.csproj", "{C5F97CDE-94CE-41B8-8084-331C70124693}"
EndProject
Global
	GlobalSection(SolutionConfigurationPlatforms) = preSolution
		Debug|Any CPU = Debug|Any CPU
		Release|Any CPU = Release|Any CPU
	EndGlobalSection
	GlobalSection(ProjectConfigurationPlatforms) = postSolution
		{C5F97CDE-94CE-41B8-8084-331C70124693}.Debug|Any CPU.ActiveCfg = Debug|Any CPU
		{C5F97CDE-94CE-41B8-8084-331C70124693}.Debug|Any CPU.Build.0 = Debug|Any CPU
		{C5F97CDE-94CE-41B8-8084-331C70124693}.Release|Any CPU.ActiveCfg = Release|Any CPU
		{C5F97CDE-94CE-41B8-8084-331C70124693}.Release|Any CPU.Build.0 = Release|Any CPU
	EndGlobalSection
	GlobalSection(SolutionProperties) = preSolution
		HideSolutionNode = FALSE
	EndGlobalSection
	GlobalSection(ExtensibilityGlobals) = postSolution
		SolutionGuid = {162B6603-B3BF-4B37-9CB2-E39BA2B79059}
	EndGlobalSection
EndGlobal
